
Microsoft Visual Studio Solution File, Format Version 12.00
# Visual Studio Version 16
VisualStudioVersion = 16.0.29609.76
MinimumVisualStudioVersion = 10.0.40219.1
Project("{FAE04EC0-301F-11D3-BF4B-00C04F79EFBC}") = "VendingMachine", "VendingMachine\VendingMachine.csproj", "{3859FD58-B729-4F7A-8C5E-2784EBED240C}"
EndProject
Global
	GlobalSection(SolutionConfigurationPlatforms) = preSolution
		Debug|Any CPU = Debug|Any CPU
		Release|Any CPU = Release|Any CPU
	EndGlobalSection
	GlobalSection(ProjectConfigurationPlatforms) = postSolution
		{3859FD58-B729-4F7A-8C5E-2784EBED240C}.Debug|Any CPU.ActiveCfg = Debug|Any CPU
		{3859FD58-B729-4F7A-8C5E-2784EBED240C}.Debug|Any CPU.Build.0 = Debug|Any CPU
		{3859FD58-B729-4F7A-8C5E-2784EBED240C}.Release|Any CPU.ActiveCfg = Release|Any CPU
		{3859FD58-B729-4F7A-8C5E-2784EBED240C}.Release|Any CPU.Build.0 = Release|Any CPU
	EndGlobalSection
	GlobalSection(SolutionProperties) = preSolution
		HideSolutionNode = FALSE
	EndGlobalSection
	GlobalSection(ExtensibilityGlobals) = postSolution
		SolutionGuid = {40A673D9-D89B-422A-BC56-CF6B6EAB97A6}
	EndGlobalSection
EndGlobal
